
Microsoft Visual Studio Solution File, Format Version 12.00
# Visual Studio Version 17
VisualStudioVersion = 17.3.32825.248
MinimumVisualStudioVersion = 10.0.40219.1
Project("{2150E333-8FDC-42A3-9474-1A3956D46DE8}") = "Assemblies", "Assemblies", "{52B0F528-B2AB-4BE8-9408-7D83017AB19D}"
EndProject
Project("{2150E333-8FDC-42A3-9474-1A3956D46DE8}") = "Solution Items", "Solution Items", "{560625EF-E3D3-4CC0-85D6-94E70A9131A5}"
	ProjectSection(SolutionItems) = preProject
		.gitignore = .gitignore
		apiclient.config = apiclient.config
		apiclientexample.config = apiclientexample.config
		Readme.md = Readme.md
	EndProjectSection
EndProject
Project("{9A19103F-16F7-4668-BE54-9A1E7A4F7556}") = "ApiClient.ConsoleApp", "ApiClient.ConsoleApp\ApiClient.ConsoleApp.csproj", "{C7CEDB8A-AE8D-4281-A93E-7A3DBE938806}"
EndProject
Project("{9A19103F-16F7-4668-BE54-9A1E7A4F7556}") = "ApiClient", "ApiClient\ApiClient.csproj", "{248D1DD7-69BF-4818-A011-166988414DB2}"
EndProject
Project("{9A19103F-16F7-4668-BE54-9A1E7A4F7556}") = "OAuth2Service.ConsoleApp", "OAuth2Service.ConsoleApp\OAuth2Service.ConsoleApp.csproj", "{CBF0A3EA-6976-4EBB-92DD-610142ADB08C}"
EndProject
Project("{2150E333-8FDC-42A3-9474-1A3956D46DE8}") = "Apps", "Apps", "{A5AA7642-E123-4A22-8D1F-150B634DDC02}"
EndProject
Global
	GlobalSection(SolutionConfigurationPlatforms) = preSolution
		Debug|Any CPU = Debug|Any CPU
		Release|Any CPU = Release|Any CPU
	EndGlobalSection
	GlobalSection(ProjectConfigurationPlatforms) = postSolution
		{C7CEDB8A-AE8D-4281-A93E-7A3DBE938806}.Debug|Any CPU.ActiveCfg = Debug|Any CPU
		{C7CEDB8A-AE8D-4281-A93E-7A3DBE938806}.Debug|Any CPU.Build.0 = Debug|Any CPU
		{C7CEDB8A-AE8D-4281-A93E-7A3DBE938806}.Release|Any CPU.ActiveCfg = Release|Any CPU
		{C7CEDB8A-AE8D-4281-A93E-7A3DBE938806}.Release|Any CPU.Build.0 = Release|Any CPU
		{248D1DD7-69BF-4818-A011-166988414DB2}.Debug|Any CPU.ActiveCfg = Debug|Any CPU
		{248D1DD7-69BF-4818-A011-166988414DB2}.Debug|Any CPU.Build.0 = Debug|Any CPU
		{248D1DD7-69BF-4818-A011-166988414DB2}.Release|Any CPU.ActiveCfg = Release|Any CPU
		{248D1DD7-69BF-4818-A011-166988414DB2}.Release|Any CPU.Build.0 = Release|Any CPU
		{CBF0A3EA-6976-4EBB-92DD-610142ADB08C}.Debug|Any CPU.ActiveCfg = Debug|Any CPU
		{CBF0A3EA-6976-4EBB-92DD-610142ADB08C}.Debug|Any CPU.Build.0 = Debug|Any CPU
		{CBF0A3EA-6976-4EBB-92DD-610142ADB08C}.Release|Any CPU.ActiveCfg = Release|Any CPU
		{CBF0A3EA-6976-4EBB-92DD-610142ADB08C}.Release|Any CPU.Build.0 = Release|Any CPU
	EndGlobalSection
	GlobalSection(SolutionProperties) = preSolution
		HideSolutionNode = FALSE
	EndGlobalSection
	GlobalSection(NestedProjects) = preSolution
		{C7CEDB8A-AE8D-4281-A93E-7A3DBE938806} = {A5AA7642-E123-4A22-8D1F-150B634DDC02}
		{248D1DD7-69BF-4818-A011-166988414DB2} = {52B0F528-B2AB-4BE8-9408-7D83017AB19D}
		{CBF0A3EA-6976-4EBB-92DD-610142ADB08C} = {A5AA7642-E123-4A22-8D1F-150B634DDC02}
	EndGlobalSection
	GlobalSection(ExtensibilityGlobals) = postSolution
		SolutionGuid = {9A6DA9DB-8B7A-47BC-943B-4292409AA943}
	EndGlobalSection
EndGlobal
